// !$*UTF8*$!
{
	archiveVersion = 1;
	classes = {
	};
	objectVersion = 50;
	objects = {

/* Begin PBXBuildFile section */
		363A1CEE240D6FA00082FB72 /* AppDelegate.swift in Sources */ = {isa = PBXBuildFile; fileRef = 363A1CED240D6FA00082FB72 /* AppDelegate.swift */; };
		363A1CF0240D6FA00082FB72 /* SceneDelegate.swift in Sources */ = {isa = PBXBuildFile; fileRef = 363A1CEF240D6FA00082FB72 /* SceneDelegate.swift */; };
		363A1CF2240D6FA00082FB72 /* ViewController.swift in Sources */ = {isa = PBXBuildFile; fileRef = 363A1CF1240D6FA00082FB72 /* ViewController.swift */; };
		363A1CF5240D6FA00082FB72 /* Main.storyboard in Resources */ = {isa = PBXBuildFile; fileRef = 363A1CF3240D6FA00082FB72 /* Main.storyboard */; };
		363A1CF7240D6FA00082FB72 /* Assets.xcassets in Resources */ = {isa = PBXBuildFile; fileRef = 363A1CF6240D6FA00082FB72 /* Assets.xcassets */; };
		363A1CFA240D6FA00082FB72 /* LaunchScreen.storyboard in Resources */ = {isa = PBXBuildFile; fileRef = 363A1CF8240D6FA00082FB72 /* LaunchScreen.storyboard */; };
/* End PBXBuildFile section */

/* Begin PBXFileReference section */
		363A1CEA240D6FA00082FB72 /* AnimateImageChange.app */ = {isa = PBXFileReference; explicitFileType = wrapper.application; includeInIndex = 0; path = AnimateImageChange.app; sourceTree = BUILT_PRODUCTS_DIR; };
		363A1CED240D6FA00082FB72 /* AppDelegate.swift */ = {isa = PBXFileReference; lastKnownFileType = sourcecode.swift; path = AppDelegate.swift; sourceTree = "<group>"; };
		363A1CEF240D6FA00082FB72 /* SceneDelegate.swift */ = {isa = PBXFileReference; lastKnownFileType = sourcecode.swift; path = SceneDelegate.swift; sourceTree = "<group>"; };
		363A1CF1240D6FA00082FB72 /* ViewController.swift */ = {isa = PBXFileReference; lastKnownFileType = sourcecode.swift; path = ViewController.swift; sourceTree = "<group>"; };
		363A1CF4240D6FA00082FB72 /* Base */ = {isa = PBXFileReference; lastKnownFileType = file.storyboard; name = Base; path = Base.lproj/Main.storyboard; sourceTree = "<group>"; };
		363A1CF6240D6FA00082FB72 /* Assets.xcassets */ = {isa = PBXFileReference; lastKnownFileType = folder.assetcatalog; path = Assets.xcassets; sourceTree = "<group>"; };
		363A1CF9240D6FA00082FB72 /* Base */ = {isa = PBXFileReference; lastKnownFileType = file.storyboard; name = Base; path = Base.lproj/LaunchScreen.storyboard; sourceTree = "<group>"; };
		363A1CFB240D6FA00082FB72 /* Info.plist */ = {isa = PBXFileReference; lastKnownFileType = text.plist.xml; path = Info.plist; sourceTree = "<group>"; };
/* End PBXFileReference section */

/* Begin PBXFrameworksBuildPhase section */
		363A1CE7240D6FA00082FB72 /* Frameworks */ = {
			isa = PBXFrameworksBuildPhase;
			buildActionMask = 2147483647;
			files = (
			);
			runOnlyForDeploymentPostprocessing = 0;
		};
/* End PBXFrameworksBuildPhase section */

/* Begin PBXGroup section */
		363A1CE1240D6FA00082FB72 = {
			isa = PBXGroup;
			children = (
				363A1CEC240D6FA00082FB72 /* AnimateImageChange */,
				363A1CEB240D6FA00082FB72 /* Products */,
			);
			sourceTree = "<group>";
		};
		363A1CEB240D6FA00082FB72 /* Products */ = {
			isa = PBXGroup;
			children = (
				363A1CEA240D6FA00082FB72 /* AnimateImageChange.app */,
			);
			name = Products;
			sourceTree = "<group>";
		};
		363A1CEC240D6FA00082FB72 /* AnimateImageChange */ = {
			isa = PBXGroup;
			children = (
				363A1CED240D6FA00082FB72 /* AppDelegate.swift */,
				363A1CEF240D6FA00082FB72 /* SceneDelegate.swift */,
				363A1CF1240D6FA00082FB72 /* ViewController.swift */,
				363A1CF3240D6FA00082FB72 /* Main.storyboard */,
				363A1CF6240D6FA00082FB72 /* Assets.xcassets */,
				363A1CF8240D6FA00082FB72 /* LaunchScreen.storyboard */,
				363A1CFB240D6FA00082FB72 /* Info.plist */,
			);
			path = AnimateImageChange;
			sourceTree = "<group>";
		};
/* End PBXGroup section */

/* Begin PBXNativeTarget section */
		363A1CE9240D6FA00082FB72 /* AnimateImageChange */ = {
			isa = PBXNativeTarget;
			buildConfigurationList = 363A1CFE240D6FA00082FB72 /* Build configuration list for PBXNativeTarget "AnimateImageChange" */;
			buildPhases = (
				363A1CE6240D6FA00082FB72 /* Sources */,
				363A1CE7240D6FA00082FB72 /* Frameworks */,
				363A1CE8240D6FA00082FB72 /* Resources */,
			);
			buildRules = (
			);
			dependencies = (
			);
			name = AnimateImageChange;
			productName = AnimateImageChange;
			productReference = 363A1CEA240D6FA00082FB72 /* AnimateImageChange.app */;
			productType = "com.apple.product-type.application";
		};
/* End PBXNativeTarget section */

/* Begin PBXProject section */
		363A1CE2240D6FA00082FB72 /* Project object */ = {
			isa = PBXProject;
			attributes = {
				LastSwiftUpdateCheck = 1130;
				LastUpgradeCheck = 1130;
				ORGANIZATIONNAME = ProgrammingWithSwift;
				TargetAttributes = {
					363A1CE9240D6FA00082FB72 = {
						CreatedOnToolsVersion = 11.3.1;
					};
				};
			};
			buildConfigurationList = 363A1CE5240D6FA00082FB72 /* Build configuration list for PBXProject "AnimateImageChange" */;
			compatibilityVersion = "Xcode 9.3";
			developmentRegion = en;
			hasScannedForEncodings = 0;
			knownRegions = (
				en,
				Base,
			);
			mainGroup = 363A1CE1240D6FA00082FB72;
			productRefGroup = 363A1CEB240D6FA00082FB72 /* Products */;
			projectDirPath = "";
			projectRoot = "";
			targets = (
				363A1CE9240D6FA00082FB72 /* AnimateImageChange */,
			);
		};
/* End PBXProject section */

/* Begin PBXResourcesBuildPhase section */
		363A1CE8240D6FA00082FB72 /* Resources */ = {
			isa = PBXResourcesBuildPhase;
			buildActionMask = 2147483647;
			files = (
				363A1CFA240D6FA00082FB72 /* LaunchScreen.storyboard in Resources */,
				363A1CF7240D6FA00082FB72 /* Assets.xcassets in Resources */,
				363A1CF5240D6FA00082FB72 /* Main.storyboard in Resources */,
			);
			runOnlyForDeploymentPostprocessing = 0;
		};
/* End PBXResourcesBuildPhase section */

/* Begin PBXSourcesBuildPhase section */
		363A1CE6240D6FA00082FB72 /* Sources */ = {
			isa = PBXSourcesBuildPhase;
			buildActionMask = 2147483647;
			files = (
				363A1CF2240D6FA00082FB72 /* ViewController.swift in Sources */,
				363A1CEE240D6FA00082FB72 /* AppDelegate.swift in Sources */,
				363A1CF0240D6FA00082FB72 /* SceneDelegate.swift in Sources */,
			);
			runOnlyForDeploymentPostprocessing = 0;
		};
/* End PBXSourcesBuildPhase section */

/* Begin PBXVariantGroup section */
		363A1CF3240D6FA00082FB72 /* Main.storyboard */ = {
			isa = PBXVariantGroup;
			children = (
				363A1CF4240D6FA00082FB72 /* Base */,
			);
			name = Main.storyboard;
			sourceTree = "<group>";
		};
		363A1CF8240D6FA00082FB72 /* LaunchScreen.storyboard */ = {
			isa = PBXVariantGroup;
			children = (
				363A1CF9240D6FA00082FB72 /* Base */,
			);
			name = LaunchScreen.storyboard;
			sourceTree = "<group>";
		};
/* End PBXVariantGroup section */

/* Begin XCBuildConfiguration section */
		363A1CFC240D6FA00082FB72 /* Debug */ = {
			isa = XCBuildConfiguration;
			buildSettings = {
				ALWAYS_SEARCH_USER_PATHS = NO;
				CLANG_ANALYZER_NONNULL = YES;
				CLANG_ANALYZER_NUMBER_OBJECT_CONVERSION = YES_AGGRESSIVE;
				CLANG_CXX_LANGUAGE_STANDARD = "gnu++14";
				CLANG_CXX_LIBRARY = "libc++";
				CLANG_ENABLE_MODULES = YES;
				CLANG_ENABLE_OBJC_ARC = YES;
				CLANG_ENABLE_OBJC_WEAK = YES;
				CLANG_WARN_BLOCK_CAPTURE_AUTORELEASING = YES;
				CLANG_WARN_BOOL_CONVERSION = YES;
				CLANG_WARN_COMMA = YES;
				CLANG_WARN_CONSTANT_CONVERSION = YES;
				CLANG_WARN_DEPRECATED_OBJC_IMPLEMENTATIONS = YES;
				CLANG_WARN_DIRECT_OBJC_ISA_USAGE = YES_ERROR;
				CLANG_WARN_DOCUMENTATION_COMMENTS = YES;
				CLANG_WARN_EMPTY_BODY = YES;
				CLANG_WARN_ENUM_CONVERSION = YES;
				CLANG_WARN_INFINITE_RECURSION = YES;
				CLANG_WARN_INT_CONVERSION = YES;
				CLANG_WARN_NON_LITERAL_NULL_CONVERSION = YES;
				CLANG_WARN_OBJC_IMPLICIT_RETAIN_SELF = YES;
				CLANG_WARN_OBJC_LITERAL_CONVERSION = YES;
				CLANG_WARN_OBJC_ROOT_CLASS = YES_ERROR;
				CLANG_WARN_RANGE_LOOP_ANALYSIS = YES;
				CLANG_WARN_STRICT_PROTOTYPES = YES;
				CLANG_WARN_SUSPICIOUS_MOVE = YES;
				CLANG_WARN_UNGUARDED_AVAILABILITY = YES_AGGRESSIVE;
				CLANG_WARN_UNREACHABLE_CODE = YES;
				CLANG_WARN__DUPLICATE_METHOD_MATCH = YES;
				COPY_PHASE_STRIP = NO;
				DEBUG_INFORMATION_FORMAT = dwarf;
				ENABLE_STRICT_OBJC_MSGSEND = YES;
				ENABLE_TESTABILITY = YES;
				GCC_C_LANGUAGE_STANDARD = gnu11;
				GCC_DYNAMIC_NO_PIC = NO;
				GCC_NO_COMMON_BLOCKS = YES;
				GCC_OPTIMIZATION_LEVEL = 0;
				GCC_PREPROCESSOR_DEFINITIONS = (
					"DEBUG=1",
					"$(inherited)",
				);
				GCC_WARN_64_TO_32_BIT_CONVERSION = YES;
				GCC_WARN_ABOUT_RETURN_TYPE = YES_ERROR;
				GCC_WARN_UNDECLARED_SELECTOR = YES;
				GCC_WARN_UNINITIALIZED_AUTOS = YES_AGGRESSIVE;
				GCC_WARN_UNUSED_FUNCTION = YES;
				GCC_WARN_UNUSED_VARIABLE = YES;
				IPHONEOS_DEPLOYMENT_TARGET = 13.2;
				MTL_ENABLE_DEBUG_INFO = INCLUDE_SOURCE;
				MTL_FAST_MATH = YES;
				ONLY_ACTIVE_ARCH = YES;
				SDKROOT = iphoneos;
				SWIFT_ACTIVE_COMPILATION_CONDITIONS = DEBUG;
				SWIFT_OPTIMIZATION_LEVEL = "-Onone";
			};
			name = Debug;
		};
		363A1CFD240D6FA00082FB72 /* Release */ = {
			isa = XCBuildConfiguration;
			buildSettings = {
				ALWAYS_SEARCH_USER_PATHS = NO;
				CLANG_ANALYZER_NONNULL = YES;
				CLANG_ANALYZER_NUMBER_OBJECT_CONVERSION = YES_AGGRESSIVE;
				CLANG_CXX_LANGUAGE_STANDARD = "gnu++14";
				CLANG_CXX_LIBRARY = "libc++";
				CLANG_ENABLE_MODULES = YES;
				CLANG_ENABLE_OBJC_ARC = YES;
				CLANG_ENABLE_OBJC_WEAK = YES;
				CLANG_WARN_BLOCK_CAPTURE_AUTORELEASING = YES;
				CLANG_WARN_BOOL_CONVERSION = YES;
				CLANG_WARN_COMMA = YES;
				CLANG_WARN_CONSTANT_CONVERSION = YES;
				CLANG_WARN_DEPRECATED_OBJC_IMPLEMENTATIONS = YES;
				CLANG_WARN_DIRECT_OBJC_ISA_USAGE = YES_ERROR;
				CLANG_WARN_DOCUMENTATION_COMMENTS = YES;
				CLANG_WARN_EMPTY_BODY = YES;
				CLANG_WARN_ENUM_CONVERSION = YES;
				CLANG_WARN_INFINITE_RECURSION = YES;
				CLANG_WARN_INT_CONVERSION = YES;
				CLANG_WARN_NON_LITERAL_NULL_CONVERSION = YES;
				CLANG_WARN_OBJC_IMPLICIT_RETAIN_SELF = YES;
				CLANG_WARN_OBJC_LITERAL_CONVERSION = YES;
				CLANG_WARN_OBJC_ROOT_CLASS = YES_ERROR;
				CLANG_WARN_RANGE_LOOP_ANALYSIS = YES;
				CLANG_WARN_STRICT_PROTOTYPES = YES;
				CLANG_WARN_SUSPICIOUS_MOVE = YES;
				CLANG_WARN_UNGUARDED_AVAILABILITY = YES_AGGRESSIVE;
				CLANG_WARN_UNREACHABLE_CODE = YES;
				CLANG_WARN__DUPLICATE_METHOD_MATCH = YES;
				COPY_PHASE_STRIP = NO;
				DEBUG_INFORMATION_FORMAT = "dwarf-with-dsym";
				ENABLE_NS_ASSERTIONS = NO;
				ENABLE_STRICT_OBJC_MSGSEND = YES;
				GCC_C_LANGUAGE_STANDARD = gnu11;
				GCC_NO_COMMON_BLOCKS = YES;
				GCC_WARN_64_TO_32_BIT_CONVERSION = YES;
				GCC_WARN_ABOUT_RETURN_TYPE = YES_ERROR;
				GCC_WARN_UNDECLARED_SELECTOR = YES;
				GCC_WARN_UNINITIALIZED_AUTOS = YES_AGGRESSIVE;
				GCC_WARN_UNUSED_FUNCTION = YES;
				GCC_WARN_UNUSED_VARIABLE = YES;
				IPHONEOS_DEPLOYMENT_TARGET = 13.2;
				MTL_ENABLE_DEBUG_INFO = NO;
				MTL_FAST_MATH = YES;
				SDKROOT = iphoneos;
				SWIFT_COMPILATION_MODE = wholemodule;
				SWIFT_OPTIMIZATION_LEVEL = "-O";
				VALIDATE_PRODUCT = YES;
			};
			name = Release;
		};
		363A1CFF240D6FA00082FB72 /* Debug */ = {
			isa = XCBuildConfiguration;
			buildSettings = {
				ASSETCATALOG_COMPILER_APPICON_NAME = AppIcon;
				CODE_SIGN_STYLE = Automatic;
				INFOPLIST_FILE = AnimateImageChange/Info.plist;
				LD_RUNPATH_SEARCH_PATHS = (
					"$(inherited)",
					"@executable_path/Frameworks",
				);
				PRODUCT_BUNDLE_IDENTIFIER = com.programmingwithswift.AnimateImageChange;
				PRODUCT_NAME = "$(TARGET_NAME)";
				SWIFT_VERSION = 5.0;
				TARGETED_DEVICE_FAMILY = "1,2";
			};
			name = Debug;
		};
		363A1D00240D6FA00082FB72 /* Release */ = {
			isa = XCBuildConfiguration;
			buildSettings = {
				ASSETCATALOG_COMPILER_APPICON_NAME = AppIcon;
				CODE_SIGN_STYLE = Automatic;
				INFOPLIST_FILE = AnimateImageChange/Info.plist;
				LD_RUNPATH_SEARCH_PATHS = (
					"$(inherited)",
					"@executable_path/Frameworks",
				);
				PRODUCT_BUNDLE_IDENTIFIER = com.programmingwithswift.AnimateImageChange;
				PRODUCT_NAME = "$(TARGET_NAME)";
				SWIFT_VERSION = 5.0;
				TARGETED_DEVICE_FAMILY = "1,2";
			};
			name = Release;
		};
/* End XCBuildConfiguration section */

/* Begin XCConfigurationList section */
		363A1CE5240D6FA00082FB72 /* Build configuration list for PBXProject "AnimateImageChange" */ = {
			isa = XCConfigurationList;
			buildConfigurations = (
				363A1CFC240D6FA00082FB72 /* Debug */,
				363A1CFD240D6FA00082FB72 /* Release */,
			);
			defaultConfigurationIsVisible = 0;
			defaultConfigurationName = Release;
		};
		363A1CFE240D6FA00082FB72 /* Build configuration list for PBXNativeTarget "AnimateImageChange" */ = {
			isa = XCConfigurationList;
			buildConfigurations = (
				363A1CFF240D6FA00082FB72 /* Debug */,
				363A1D00240D6FA00082FB72 /* Release */,
			);
			defaultConfigurationIsVisible = 0;
			defaultConfigurationName = Release;
		};
/* End XCConfigurationList section */
	};
	rootObject = 363A1CE2240D6FA00082FB72 /* Project object */;
}
